// !$*UTF8*$!
{
	archiveVersion = 1;
	classes = {
	};
	objectVersion = 46;
	objects = {

/* Begin PBXBuildFile section */
		5E9FC8351C0191EB00FEC6CA /* AppDelegate.swift in Sources */ = {isa = PBXBuildFile; fileRef = 5E9FC8341C0191EB00FEC6CA /* AppDelegate.swift */; };
		5E9FC8371C0191EB00FEC6CA /* art.scnassets in Resources */ = {isa = PBXBuildFile; fileRef = 5E9FC8361C0191EB00FEC6CA /* art.scnassets */; };
		5E9FC8391C0191EB00FEC6CA /* GameViewController.swift in Sources */ = {isa = PBXBuildFile; fileRef = 5E9FC8381C0191EB00FEC6CA /* GameViewController.swift */; };
		5E9FC83C1C0191EB00FEC6CA /* Main.storyboard in Resources */ = {isa = PBXBuildFile; fileRef = 5E9FC83A1C0191EB00FEC6CA /* Main.storyboard */; };
		5E9FC83E1C0191EB00FEC6CA /* Assets.xcassets in Resources */ = {isa = PBXBuildFile; fileRef = 5E9FC83D1C0191EB00FEC6CA /* Assets.xcassets */; };
		5E9FC8411C0191EB00FEC6CA /* LaunchScreen.storyboard in Resources */ = {isa = PBXBuildFile; fileRef = 5E9FC83F1C0191EB00FEC6CA /* LaunchScreen.storyboard */; };
		5E9FC8491C01923800FEC6CA /* BirdScene.swift in Sources */ = {isa = PBXBuildFile; fileRef = 5E9FC8481C01923800FEC6CA /* BirdScene.swift */; };
		7F928ACF1F841C8800E65051 /* MenuScene.swift in Sources */ = {isa = PBXBuildFile; fileRef = 7F928ACE1F841C8800E65051 /* MenuScene.swift */; };
		7F928AD11F841E8100E65051 /* GameSKOverlay.swift in Sources */ = {isa = PBXBuildFile; fileRef = 7F928AD01F841E8100E65051 /* GameSKOverlay.swift */; };
		7FE127A51F83F559004D7C12 /* SCNVector3Extension.swift in Sources */ = {isa = PBXBuildFile; fileRef = 7FE127A41F83F559004D7C12 /* SCNVector3Extension.swift */; };
/* End PBXBuildFile section */

/* Begin PBXFileReference section */
		5E9FC8311C0191EB00FEC6CA /* Bird.app */ = {isa = PBXFileReference; explicitFileType = wrapper.application; includeInIndex = 0; path = Bird.app; sourceTree = BUILT_PRODUCTS_DIR; };
		5E9FC8341C0191EB00FEC6CA /* AppDelegate.swift */ = {isa = PBXFileReference; lastKnownFileType = sourcecode.swift; path = AppDelegate.swift; sourceTree = "<group>"; };
		5E9FC8361C0191EB00FEC6CA /* art.scnassets */ = {isa = PBXFileReference; lastKnownFileType = wrapper.scnassets; path = art.scnassets; sourceTree = "<group>"; };
		5E9FC8381C0191EB00FEC6CA /* GameViewController.swift */ = {isa = PBXFileReference; lastKnownFileType = sourcecode.swift; path = GameViewController.swift; sourceTree = "<group>"; };
		5E9FC83B1C0191EB00FEC6CA /* Base */ = {isa = PBXFileReference; lastKnownFileType = file.storyboard; name = Base; path = Base.lproj/Main.storyboard; sourceTree = "<group>"; };
		5E9FC83D1C0191EB00FEC6CA /* Assets.xcassets */ = {isa = PBXFileReference; lastKnownFileType = folder.assetcatalog; path = Assets.xcassets; sourceTree = "<group>"; };
		5E9FC8401C0191EB00FEC6CA /* Base */ = {isa = PBXFileReference; lastKnownFileType = file.storyboard; name = Base; path = Base.lproj/LaunchScreen.storyboard; sourceTree = "<group>"; };
		5E9FC8421C0191EB00FEC6CA /* Info.plist */ = {isa = PBXFileReference; lastKnownFileType = text.plist.xml; path = Info.plist; sourceTree = "<group>"; };
		5E9FC8481C01923800FEC6CA /* BirdScene.swift */ = {isa = PBXFileReference; fileEncoding = 4; lastKnownFileType = sourcecode.swift; path = BirdScene.swift; sourceTree = "<group>"; };
		7F928ACE1F841C8800E65051 /* MenuScene.swift */ = {isa = PBXFileReference; lastKnownFileType = sourcecode.swift; path = MenuScene.swift; sourceTree = "<group>"; };
		7F928AD01F841E8100E65051 /* GameSKOverlay.swift */ = {isa = PBXFileReference; lastKnownFileType = sourcecode.swift; path = GameSKOverlay.swift; sourceTree = "<group>"; };
		7FE127A41F83F559004D7C12 /* SCNVector3Extension.swift */ = {isa = PBXFileReference; lastKnownFileType = sourcecode.swift; path = SCNVector3Extension.swift; sourceTree = "<group>"; };
/* End PBXFileReference section */

/* Begin PBXFrameworksBuildPhase section */
		5E9FC82E1C0191EB00FEC6CA /* Frameworks */ = {
			isa = PBXFrameworksBuildPhase;
			buildActionMask = 2147483647;
			files = (
			);
			runOnlyForDeploymentPostprocessing = 0;
		};
/* End PBXFrameworksBuildPhase section */

/* Begin PBXGroup section */
		5E9FC8281C0191EB00FEC6CA = {
			isa = PBXGroup;
			children = (
				5E9FC8331C0191EB00FEC6CA /* Bird */,
				5E9FC8321C0191EB00FEC6CA /* Products */,
			);
			sourceTree = "<group>";
		};
		5E9FC8321C0191EB00FEC6CA /* Products */ = {
			isa = PBXGroup;
			children = (
				5E9FC8311C0191EB00FEC6CA /* Bird.app */,
			);
			name = Products;
			sourceTree = "<group>";
		};
		5E9FC8331C0191EB00FEC6CA /* Bird */ = {
			isa = PBXGroup;
			children = (
				7FE127A31F83F541004D7C12 /* extensions */,
				5E9FC8341C0191EB00FEC6CA /* AppDelegate.swift */,
				5E9FC8361C0191EB00FEC6CA /* art.scnassets */,
				5E9FC8381C0191EB00FEC6CA /* GameViewController.swift */,
				5E9FC8481C01923800FEC6CA /* BirdScene.swift */,
				5E9FC83A1C0191EB00FEC6CA /* Main.storyboard */,
				5E9FC83D1C0191EB00FEC6CA /* Assets.xcassets */,
				5E9FC83F1C0191EB00FEC6CA /* LaunchScreen.storyboard */,
				5E9FC8421C0191EB00FEC6CA /* Info.plist */,
				7F928ACE1F841C8800E65051 /* MenuScene.swift */,
				7F928AD01F841E8100E65051 /* GameSKOverlay.swift */,
			);
			path = Bird;
			sourceTree = "<group>";
		};
		7FE127A31F83F541004D7C12 /* extensions */ = {
			isa = PBXGroup;
			children = (
				7FE127A41F83F559004D7C12 /* SCNVector3Extension.swift */,
			);
			path = extensions;
			sourceTree = "<group>";
		};
/* End PBXGroup section */

/* Begin PBXNativeTarget section */
		5E9FC8301C0191EB00FEC6CA /* Bird */ = {
			isa = PBXNativeTarget;
			buildConfigurationList = 5E9FC8451C0191EB00FEC6CA /* Build configuration list for PBXNativeTarget "Bird" */;
			buildPhases = (
				5E9FC82D1C0191EB00FEC6CA /* Sources */,
				5E9FC82E1C0191EB00FEC6CA /* Frameworks */,
				5E9FC82F1C0191EB00FEC6CA /* Resources */,
			);
			buildRules = (
			);
			dependencies = (
			);
			name = Bird;
			productName = Bird;
			productReference = 5E9FC8311C0191EB00FEC6CA /* Bird.app */;
			productType = "com.apple.product-type.application";
		};
/* End PBXNativeTarget section */

/* Begin PBXProject section */
		5E9FC8291C0191EB00FEC6CA /* Project object */ = {
			isa = PBXProject;
			attributes = {
				LastSwiftUpdateCheck = 0710;
				LastUpgradeCheck = 0900;
				ORGANIZATIONNAME = "Ibram Uppal";
				TargetAttributes = {
					5E9FC8301C0191EB00FEC6CA = {
						CreatedOnToolsVersion = 7.1;
						DevelopmentTeam = WMQYY9222D;
					};
				};
			};
			buildConfigurationList = 5E9FC82C1C0191EB00FEC6CA /* Build configuration list for PBXProject "Bird" */;
			compatibilityVersion = "Xcode 3.2";
			developmentRegion = English;
			hasScannedForEncodings = 0;
			knownRegions = (
				en,
				Base,
			);
			mainGroup = 5E9FC8281C0191EB00FEC6CA;
			productRefGroup = 5E9FC8321C0191EB00FEC6CA /* Products */;
			projectDirPath = "";
			projectRoot = "";
			targets = (
				5E9FC8301C0191EB00FEC6CA /* Bird */,
			);
		};
/* End PBXProject section */

/* Begin PBXResourcesBuildPhase section */
		5E9FC82F1C0191EB00FEC6CA /* Resources */ = {
			isa = PBXResourcesBuildPhase;
			buildActionMask = 2147483647;
			files = (
				5E9FC8371C0191EB00FEC6CA /* art.scnassets in Resources */,
				5E9FC8411C0191EB00FEC6CA /* LaunchScreen.storyboard in Resources */,
				5E9FC83E1C0191EB00FEC6CA /* Assets.xcassets in Resources */,
				5E9FC83C1C0191EB00FEC6CA /* Main.storyboard in Resources */,
			);
			runOnlyForDeploymentPostprocessing = 0;
		};
/* End PBXResourcesBuildPhase section */

/* Begin PBXSourcesBuildPhase section */
		5E9FC82D1C0191EB00FEC6CA /* Sources */ = {
			isa = PBXSourcesBuildPhase;
			buildActionMask = 2147483647;
			files = (
				7F928AD11F841E8100E65051 /* GameSKOverlay.swift in Sources */,
				5E9FC8491C01923800FEC6CA /* BirdScene.swift in Sources */,
				5E9FC8391C0191EB00FEC6CA /* GameViewController.swift in Sources */,
				7F928ACF1F841C8800E65051 /* MenuScene.swift in Sources */,
				5E9FC8351C0191EB00FEC6CA /* AppDelegate.swift in Sources */,
				7FE127A51F83F559004D7C12 /* SCNVector3Extension.swift in Sources */,
			);
			runOnlyForDeploymentPostprocessing = 0;
		};
/* End PBXSourcesBuildPhase section */

/* Begin PBXVariantGroup section */
		5E9FC83A1C0191EB00FEC6CA /* Main.storyboard */ = {
			isa = PBXVariantGroup;
			children = (
				5E9FC83B1C0191EB00FEC6CA /* Base */,
			);
			name = Main.storyboard;
			sourceTree = "<group>";
		};
		5E9FC83F1C0191EB00FEC6CA /* LaunchScreen.storyboard */ = {
			isa = PBXVariantGroup;
			children = (
				5E9FC8401C0191EB00FEC6CA /* Base */,
			);
			name = LaunchScreen.storyboard;
			sourceTree = "<group>";
		};
/* End PBXVariantGroup section */

/* Begin XCBuildConfiguration section */
		5E9FC8431C0191EB00FEC6CA /* Debug */ = {
			isa = XCBuildConfiguration;
			buildSettings = {
				ALWAYS_SEARCH_USER_PATHS = NO;
				CLANG_CXX_LANGUAGE_STANDARD = "gnu++0x";
				CLANG_CXX_LIBRARY = "libc++";
				CLANG_ENABLE_MODULES = YES;
				CLANG_ENABLE_OBJC_ARC = YES;
				CLANG_WARN_BLOCK_CAPTURE_AUTORELEASING = YES;
				CLANG_WARN_BOOL_CONVERSION = YES;
				CLANG_WARN_COMMA = YES;
				CLANG_WARN_CONSTANT_CONVERSION = YES;
				CLANG_WARN_DIRECT_OBJC_ISA_USAGE = YES_ERROR;
				CLANG_WARN_EMPTY_BODY = YES;
				CLANG_WARN_ENUM_CONVERSION = YES;
				CLANG_WARN_INFINITE_RECURSION = YES;
				CLANG_WARN_INT_CONVERSION = YES;
				CLANG_WARN_NON_LITERAL_NULL_CONVERSION = YES;
				CLANG_WARN_OBJC_LITERAL_CONVERSION = YES;
				CLANG_WARN_OBJC_ROOT_CLASS = YES_ERROR;
				CLANG_WARN_RANGE_LOOP_ANALYSIS = YES;
				CLANG_WARN_STRICT_PROTOTYPES = YES;
				CLANG_WARN_SUSPICIOUS_MOVE = YES;
				CLANG_WARN_UNREACHABLE_CODE = YES;
				CLANG_WARN__DUPLICATE_METHOD_MATCH = YES;
				"CODE_SIGN_IDENTITY[sdk=iphoneos*]" = "iPhone Developer";
				COPY_PHASE_STRIP = NO;
				DEBUG_INFORMATION_FORMAT = "dwarf-with-dsym";
				ENABLE_STRICT_OBJC_MSGSEND = YES;
				ENABLE_TESTABILITY = YES;
				GCC_C_LANGUAGE_STANDARD = gnu99;
				GCC_DYNAMIC_NO_PIC = NO;
				GCC_NO_COMMON_BLOCKS = YES;
				GCC_OPTIMIZATION_LEVEL = 0;
				GCC_PREPROCESSOR_DEFINITIONS = (
					"DEBUG=1",
					"$(inherited)",
				);
				GCC_WARN_64_TO_32_BIT_CONVERSION = YES;
				GCC_WARN_ABOUT_RETURN_TYPE = YES_ERROR;
				GCC_WARN_UNDECLARED_SELECTOR = YES;
				GCC_WARN_UNINITIALIZED_AUTOS = YES_AGGRESSIVE;
				GCC_WARN_UNUSED_FUNCTION = YES;
				GCC_WARN_UNUSED_VARIABLE = YES;
				IPHONEOS_DEPLOYMENT_TARGET = 9.1;
				MTL_ENABLE_DEBUG_INFO = YES;
				ONLY_ACTIVE_ARCH = YES;
				SDKROOT = iphoneos;
				SWIFT_OPTIMIZATION_LEVEL = "-Onone";
				TARGETED_DEVICE_FAMILY = "1,2";
			};
			name = Debug;
		};
		5E9FC8441C0191EB00FEC6CA /* Release */ = {
			isa = XCBuildConfiguration;
			buildSettings = {
				ALWAYS_SEARCH_USER_PATHS = NO;
				CLANG_CXX_LANGUAGE_STANDARD = "gnu++0x";
				CLANG_CXX_LIBRARY = "libc++";
				CLANG_ENABLE_MODULES = YES;
				CLANG_ENABLE_OBJC_ARC = YES;
				CLANG_WARN_BLOCK_CAPTURE_AUTORELEASING = YES;
				CLANG_WARN_BOOL_CONVERSION = YES;
				CLANG_WARN_COMMA = YES;
				CLANG_WARN_CONSTANT_CONVERSION = YES;
				CLANG_WARN_DIRECT_OBJC_ISA_USAGE = YES_ERROR;
				CLANG_WARN_EMPTY_BODY = YES;
				CLANG_WARN_ENUM_CONVERSION = YES;
				CLANG_WARN_INFINITE_RECURSION = YES;
				CLANG_WARN_INT_CONVERSION = YES;
				CLANG_WARN_NON_LITERAL_NULL_CONVERSION = YES;
				CLANG_WARN_OBJC_LITERAL_CONVERSION = YES;
				CLANG_WARN_OBJC_ROOT_CLASS = YES_ERROR;
				CLANG_WARN_RANGE_LOOP_ANALYSIS = YES;
				CLANG_WARN_STRICT_PROTOTYPES = YES;
				CLANG_WARN_SUSPICIOUS_MOVE = YES;
				CLANG_WARN_UNREACHABLE_CODE = YES;
				CLANG_WARN__DUPLICATE_METHOD_MATCH = YES;
				"CODE_SIGN_IDENTITY[sdk=iphoneos*]" = "iPhone Developer";
				COPY_PHASE_STRIP = NO;
				DEBUG_INFORMATION_FORMAT = "dwarf-with-dsym";
				ENABLE_NS_ASSERTIONS = NO;
				ENABLE_STRICT_OBJC_MSGSEND = YES;
				GCC_C_LANGUAGE_STANDARD = gnu99;
				GCC_NO_COMMON_BLOCKS = YES;
				GCC_WARN_64_TO_32_BIT_CONVERSION = YES;
				GCC_WARN_ABOUT_RETURN_TYPE = YES_ERROR;
				GCC_WARN_UNDECLARED_SELECTOR = YES;
				GCC_WARN_UNINITIALIZED_AUTOS = YES_AGGRESSIVE;
				GCC_WARN_UNUSED_FUNCTION = YES;
				GCC_WARN_UNUSED_VARIABLE = YES;
				IPHONEOS_DEPLOYMENT_TARGET = 9.1;
				MTL_ENABLE_DEBUG_INFO = NO;
				SDKROOT = iphoneos;
				SWIFT_OPTIMIZATION_LEVEL = "-Owholemodule";
				TARGETED_DEVICE_FAMILY = "1,2";
				VALIDATE_PRODUCT = YES;
			};
			name = Release;
		};
		5E9FC8461C0191EB00FEC6CA /* Debug */ = {
			isa = XCBuildConfiguration;
			buildSettings = {
				ASSETCATALOG_COMPILER_APPICON_NAME = AppIcon;
				DEVELOPMENT_TEAM = WMQYY9222D;
				INFOPLIST_FILE = Bird/Info.plist;
				IPHONEOS_DEPLOYMENT_TARGET = 8.0;
				LD_RUNPATH_SEARCH_PATHS = "$(inherited) @executable_path/Frameworks";
				PRODUCT_BUNDLE_IDENTIFIER = com.garethfuller.bird;
				PRODUCT_NAME = "$(TARGET_NAME)";
				SWIFT_VERSION = 4.0;
			};
			name = Debug;
		};
		5E9FC8471C0191EB00FEC6CA /* Release */ = {
			isa = XCBuildConfiguration;
			buildSettings = {
				ASSETCATALOG_COMPILER_APPICON_NAME = AppIcon;
				DEVELOPMENT_TEAM = WMQYY9222D;
				INFOPLIST_FILE = Bird/Info.plist;
				IPHONEOS_DEPLOYMENT_TARGET = 8.0;
				LD_RUNPATH_SEARCH_PATHS = "$(inherited) @executable_path/Frameworks";
				PRODUCT_BUNDLE_IDENTIFIER = com.garethfuller.bird;
				PRODUCT_NAME = "$(TARGET_NAME)";
				SWIFT_VERSION = 4.0;
			};
			name = Release;
		};
/* End XCBuildConfiguration section */

/* Begin XCConfigurationList section */
		5E9FC82C1C0191EB00FEC6CA /* Build configuration list for PBXProject "Bird" */ = {
			isa = XCConfigurationList;
			buildConfigurations = (
				5E9FC8431C0191EB00FEC6CA /* Debug */,
				5E9FC8441C0191EB00FEC6CA /* Release */,
			);
			defaultConfigurationIsVisible = 0;
			defaultConfigurationName = Release;
		};
		5E9FC8451C0191EB00FEC6CA /* Build configuration list for PBXNativeTarget "Bird" */ = {
			isa = XCConfigurationList;
			buildConfigurations = (
				5E9FC8461C0191EB00FEC6CA /* Debug */,
				5E9FC8471C0191EB00FEC6CA /* Release */,
			);
			defaultConfigurationIsVisible = 0;
			defaultConfigurationName = Release;
		};
/* End XCConfigurationList section */
	};
	rootObject = 5E9FC8291C0191EB00FEC6CA /* Project object */;
}
