// !$*UTF8*$!
{
	archiveVersion = 1;
	classes = {
	};
	objectVersion = 46;
	objects = {

/* Begin PBXBuildFile section */
		7F2AC6DB1F71AA920078478B /* AppDelegate.swift in Sources */ = {isa = PBXBuildFile; fileRef = 7F2AC6DA1F71AA920078478B /* AppDelegate.swift */; };
		7F2AC6DD1F71AA920078478B /* art.scnassets in Resources */ = {isa = PBXBuildFile; fileRef = 7F2AC6DC1F71AA920078478B /* art.scnassets */; };
		7F2AC6DF1F71AA920078478B /* GameViewController.swift in Sources */ = {isa = PBXBuildFile; fileRef = 7F2AC6DE1F71AA920078478B /* GameViewController.swift */; };
		7F2AC6E21F71AA920078478B /* Main.storyboard in Resources */ = {isa = PBXBuildFile; fileRef = 7F2AC6E01F71AA920078478B /* Main.storyboard */; };
		7F2AC6E41F71AA920078478B /* Assets.xcassets in Resources */ = {isa = PBXBuildFile; fileRef = 7F2AC6E31F71AA920078478B /* Assets.xcassets */; };
		7F2AC6E71F71AA920078478B /* LaunchScreen.storyboard in Resources */ = {isa = PBXBuildFile; fileRef = 7F2AC6E51F71AA920078478B /* LaunchScreen.storyboard */; };
		7F2AC6F21F71AA920078478B /* deerTests.swift in Sources */ = {isa = PBXBuildFile; fileRef = 7F2AC6F11F71AA920078478B /* deerTests.swift */; };
		7F2AC6FD1F71AA920078478B /* deerUITests.swift in Sources */ = {isa = PBXBuildFile; fileRef = 7F2AC6FC1F71AA920078478B /* deerUITests.swift */; };
		7F2AC70B1F71ACC10078478B /* GameScene.swift in Sources */ = {isa = PBXBuildFile; fileRef = 7F2AC70A1F71ACC10078478B /* GameScene.swift */; };
		7F767CA41F730AAF00B6C087 /* myScene.scn in Resources */ = {isa = PBXBuildFile; fileRef = 7F767CA31F730AAF00B6C087 /* myScene.scn */; };
/* End PBXBuildFile section */

/* Begin PBXContainerItemProxy section */
		7F2AC6EE1F71AA920078478B /* PBXContainerItemProxy */ = {
			isa = PBXContainerItemProxy;
			containerPortal = 7F2AC6CF1F71AA920078478B /* Project object */;
			proxyType = 1;
			remoteGlobalIDString = 7F2AC6D61F71AA920078478B;
			remoteInfo = deer;
		};
		7F2AC6F91F71AA920078478B /* PBXContainerItemProxy */ = {
			isa = PBXContainerItemProxy;
			containerPortal = 7F2AC6CF1F71AA920078478B /* Project object */;
			proxyType = 1;
			remoteGlobalIDString = 7F2AC6D61F71AA920078478B;
			remoteInfo = deer;
		};
/* End PBXContainerItemProxy section */

/* Begin PBXFileReference section */
		7F2AC6D71F71AA920078478B /* deer.app */ = {isa = PBXFileReference; explicitFileType = wrapper.application; includeInIndex = 0; path = deer.app; sourceTree = BUILT_PRODUCTS_DIR; };
		7F2AC6DA1F71AA920078478B /* AppDelegate.swift */ = {isa = PBXFileReference; lastKnownFileType = sourcecode.swift; path = AppDelegate.swift; sourceTree = "<group>"; };
		7F2AC6DC1F71AA920078478B /* art.scnassets */ = {isa = PBXFileReference; lastKnownFileType = wrapper.scnassets; path = art.scnassets; sourceTree = "<group>"; };
		7F2AC6DE1F71AA920078478B /* GameViewController.swift */ = {isa = PBXFileReference; lastKnownFileType = sourcecode.swift; path = GameViewController.swift; sourceTree = "<group>"; };
		7F2AC6E11F71AA920078478B /* Base */ = {isa = PBXFileReference; lastKnownFileType = file.storyboard; name = Base; path = Base.lproj/Main.storyboard; sourceTree = "<group>"; };
		7F2AC6E31F71AA920078478B /* Assets.xcassets */ = {isa = PBXFileReference; lastKnownFileType = folder.assetcatalog; path = Assets.xcassets; sourceTree = "<group>"; };
		7F2AC6E61F71AA920078478B /* Base */ = {isa = PBXFileReference; lastKnownFileType = file.storyboard; name = Base; path = Base.lproj/LaunchScreen.storyboard; sourceTree = "<group>"; };
		7F2AC6E81F71AA920078478B /* Info.plist */ = {isa = PBXFileReference; lastKnownFileType = text.plist.xml; path = Info.plist; sourceTree = "<group>"; };
		7F2AC6ED1F71AA920078478B /* deerTests.xctest */ = {isa = PBXFileReference; explicitFileType = wrapper.cfbundle; includeInIndex = 0; path = deerTests.xctest; sourceTree = BUILT_PRODUCTS_DIR; };
		7F2AC6F11F71AA920078478B /* deerTests.swift */ = {isa = PBXFileReference; lastKnownFileType = sourcecode.swift; path = deerTests.swift; sourceTree = "<group>"; };
		7F2AC6F31F71AA920078478B /* Info.plist */ = {isa = PBXFileReference; lastKnownFileType = text.plist.xml; path = Info.plist; sourceTree = "<group>"; };
		7F2AC6F81F71AA920078478B /* deerUITests.xctest */ = {isa = PBXFileReference; explicitFileType = wrapper.cfbundle; includeInIndex = 0; path = deerUITests.xctest; sourceTree = BUILT_PRODUCTS_DIR; };
		7F2AC6FC1F71AA920078478B /* deerUITests.swift */ = {isa = PBXFileReference; lastKnownFileType = sourcecode.swift; path = deerUITests.swift; sourceTree = "<group>"; };
		7F2AC6FE1F71AA920078478B /* Info.plist */ = {isa = PBXFileReference; lastKnownFileType = text.plist.xml; path = Info.plist; sourceTree = "<group>"; };
		7F2AC70A1F71ACC10078478B /* GameScene.swift */ = {isa = PBXFileReference; fileEncoding = 4; lastKnownFileType = sourcecode.swift; path = GameScene.swift; sourceTree = "<group>"; };
		7F767CA31F730AAF00B6C087 /* myScene.scn */ = {isa = PBXFileReference; lastKnownFileType = file.bplist; path = myScene.scn; sourceTree = "<group>"; };
/* End PBXFileReference section */

/* Begin PBXFrameworksBuildPhase section */
		7F2AC6D41F71AA920078478B /* Frameworks */ = {
			isa = PBXFrameworksBuildPhase;
			buildActionMask = 2147483647;
			files = (
			);
			runOnlyForDeploymentPostprocessing = 0;
		};
		7F2AC6EA1F71AA920078478B /* Frameworks */ = {
			isa = PBXFrameworksBuildPhase;
			buildActionMask = 2147483647;
			files = (
			);
			runOnlyForDeploymentPostprocessing = 0;
		};
		7F2AC6F51F71AA920078478B /* Frameworks */ = {
			isa = PBXFrameworksBuildPhase;
			buildActionMask = 2147483647;
			files = (
			);
			runOnlyForDeploymentPostprocessing = 0;
		};
/* End PBXFrameworksBuildPhase section */

/* Begin PBXGroup section */
		7F2AC6CE1F71AA920078478B = {
			isa = PBXGroup;
			children = (
				7F2AC6D91F71AA920078478B /* deer */,
				7F2AC6F01F71AA920078478B /* deerTests */,
				7F2AC6FB1F71AA920078478B /* deerUITests */,
				7F2AC6D81F71AA920078478B /* Products */,
			);
			sourceTree = "<group>";
		};
		7F2AC6D81F71AA920078478B /* Products */ = {
			isa = PBXGroup;
			children = (
				7F2AC6D71F71AA920078478B /* deer.app */,
				7F2AC6ED1F71AA920078478B /* deerTests.xctest */,
				7F2AC6F81F71AA920078478B /* deerUITests.xctest */,
			);
			name = Products;
			sourceTree = "<group>";
		};
		7F2AC6D91F71AA920078478B /* deer */ = {
			isa = PBXGroup;
			children = (
				7F2AC6DA1F71AA920078478B /* AppDelegate.swift */,
				7F2AC6DC1F71AA920078478B /* art.scnassets */,
				7F2AC6DE1F71AA920078478B /* GameViewController.swift */,
				7F2AC6E01F71AA920078478B /* Main.storyboard */,
				7F2AC6E31F71AA920078478B /* Assets.xcassets */,
				7F2AC6E51F71AA920078478B /* LaunchScreen.storyboard */,
				7F2AC6E81F71AA920078478B /* Info.plist */,
				7F2AC70A1F71ACC10078478B /* GameScene.swift */,
				7F767CA31F730AAF00B6C087 /* myScene.scn */,
			);
			path = deer;
			sourceTree = "<group>";
		};
		7F2AC6F01F71AA920078478B /* deerTests */ = {
			isa = PBXGroup;
			children = (
				7F2AC6F11F71AA920078478B /* deerTests.swift */,
				7F2AC6F31F71AA920078478B /* Info.plist */,
			);
			path = deerTests;
			sourceTree = "<group>";
		};
		7F2AC6FB1F71AA920078478B /* deerUITests */ = {
			isa = PBXGroup;
			children = (
				7F2AC6FC1F71AA920078478B /* deerUITests.swift */,
				7F2AC6FE1F71AA920078478B /* Info.plist */,
			);
			path = deerUITests;
			sourceTree = "<group>";
		};
/* End PBXGroup section */

/* Begin PBXNativeTarget section */
		7F2AC6D61F71AA920078478B /* deer */ = {
			isa = PBXNativeTarget;
			buildConfigurationList = 7F2AC7011F71AA920078478B /* Build configuration list for PBXNativeTarget "deer" */;
			buildPhases = (
				7F2AC6D31F71AA920078478B /* Sources */,
				7F2AC6D41F71AA920078478B /* Frameworks */,
				7F2AC6D51F71AA920078478B /* Resources */,
			);
			buildRules = (
			);
			dependencies = (
			);
			name = deer;
			productName = deer;
			productReference = 7F2AC6D71F71AA920078478B /* deer.app */;
			productType = "com.apple.product-type.application";
		};
		7F2AC6EC1F71AA920078478B /* deerTests */ = {
			isa = PBXNativeTarget;
			buildConfigurationList = 7F2AC7041F71AA920078478B /* Build configuration list for PBXNativeTarget "deerTests" */;
			buildPhases = (
				7F2AC6E91F71AA920078478B /* Sources */,
				7F2AC6EA1F71AA920078478B /* Frameworks */,
				7F2AC6EB1F71AA920078478B /* Resources */,
			);
			buildRules = (
			);
			dependencies = (
				7F2AC6EF1F71AA920078478B /* PBXTargetDependency */,
			);
			name = deerTests;
			productName = deerTests;
			productReference = 7F2AC6ED1F71AA920078478B /* deerTests.xctest */;
			productType = "com.apple.product-type.bundle.unit-test";
		};
		7F2AC6F71F71AA920078478B /* deerUITests */ = {
			isa = PBXNativeTarget;
			buildConfigurationList = 7F2AC7071F71AA920078478B /* Build configuration list for PBXNativeTarget "deerUITests" */;
			buildPhases = (
				7F2AC6F41F71AA920078478B /* Sources */,
				7F2AC6F51F71AA920078478B /* Frameworks */,
				7F2AC6F61F71AA920078478B /* Resources */,
			);
			buildRules = (
			);
			dependencies = (
				7F2AC6FA1F71AA920078478B /* PBXTargetDependency */,
			);
			name = deerUITests;
			productName = deerUITests;
			productReference = 7F2AC6F81F71AA920078478B /* deerUITests.xctest */;
			productType = "com.apple.product-type.bundle.ui-testing";
		};
/* End PBXNativeTarget section */

/* Begin PBXProject section */
		7F2AC6CF1F71AA920078478B /* Project object */ = {
			isa = PBXProject;
			attributes = {
				LastSwiftUpdateCheck = 0830;
				LastUpgradeCheck = 0830;
				ORGANIZATIONNAME = Gareth;
				TargetAttributes = {
					7F2AC6D61F71AA920078478B = {
						CreatedOnToolsVersion = 8.3.3;
						DevelopmentTeam = 8FKH4NP47S;
						ProvisioningStyle = Automatic;
					};
					7F2AC6EC1F71AA920078478B = {
						CreatedOnToolsVersion = 8.3.3;
						DevelopmentTeam = 8FKH4NP47S;
						ProvisioningStyle = Automatic;
						TestTargetID = 7F2AC6D61F71AA920078478B;
					};
					7F2AC6F71F71AA920078478B = {
						CreatedOnToolsVersion = 8.3.3;
						DevelopmentTeam = 8FKH4NP47S;
						ProvisioningStyle = Automatic;
						TestTargetID = 7F2AC6D61F71AA920078478B;
					};
				};
			};
			buildConfigurationList = 7F2AC6D21F71AA920078478B /* Build configuration list for PBXProject "deer" */;
			compatibilityVersion = "Xcode 3.2";
			developmentRegion = English;
			hasScannedForEncodings = 0;
			knownRegions = (
				en,
				Base,
			);
			mainGroup = 7F2AC6CE1F71AA920078478B;
			productRefGroup = 7F2AC6D81F71AA920078478B /* Products */;
			projectDirPath = "";
			projectRoot = "";
			targets = (
				7F2AC6D61F71AA920078478B /* deer */,
				7F2AC6EC1F71AA920078478B /* deerTests */,
				7F2AC6F71F71AA920078478B /* deerUITests */,
			);
		};
/* End PBXProject section */

/* Begin PBXResourcesBuildPhase section */
		7F2AC6D51F71AA920078478B /* Resources */ = {
			isa = PBXResourcesBuildPhase;
			buildActionMask = 2147483647;
			files = (
				7F2AC6DD1F71AA920078478B /* art.scnassets in Resources */,
				7F2AC6E71F71AA920078478B /* LaunchScreen.storyboard in Resources */,
				7F767CA41F730AAF00B6C087 /* myScene.scn in Resources */,
				7F2AC6E41F71AA920078478B /* Assets.xcassets in Resources */,
				7F2AC6E21F71AA920078478B /* Main.storyboard in Resources */,
			);
			runOnlyForDeploymentPostprocessing = 0;
		};
		7F2AC6EB1F71AA920078478B /* Resources */ = {
			isa = PBXResourcesBuildPhase;
			buildActionMask = 2147483647;
			files = (
			);
			runOnlyForDeploymentPostprocessing = 0;
		};
		7F2AC6F61F71AA920078478B /* Resources */ = {
			isa = PBXResourcesBuildPhase;
			buildActionMask = 2147483647;
			files = (
			);
			runOnlyForDeploymentPostprocessing = 0;
		};
/* End PBXResourcesBuildPhase section */

/* Begin PBXSourcesBuildPhase section */
		7F2AC6D31F71AA920078478B /* Sources */ = {
			isa = PBXSourcesBuildPhase;
			buildActionMask = 2147483647;
			files = (
				7F2AC70B1F71ACC10078478B /* GameScene.swift in Sources */,
				7F2AC6DF1F71AA920078478B /* GameViewController.swift in Sources */,
				7F2AC6DB1F71AA920078478B /* AppDelegate.swift in Sources */,
			);
			runOnlyForDeploymentPostprocessing = 0;
		};
		7F2AC6E91F71AA920078478B /* Sources */ = {
			isa = PBXSourcesBuildPhase;
			buildActionMask = 2147483647;
			files = (
				7F2AC6F21F71AA920078478B /* deerTests.swift in Sources */,
			);
			runOnlyForDeploymentPostprocessing = 0;
		};
		7F2AC6F41F71AA920078478B /* Sources */ = {
			isa = PBXSourcesBuildPhase;
			buildActionMask = 2147483647;
			files = (
				7F2AC6FD1F71AA920078478B /* deerUITests.swift in Sources */,
			);
			runOnlyForDeploymentPostprocessing = 0;
		};
/* End PBXSourcesBuildPhase section */

/* Begin PBXTargetDependency section */
		7F2AC6EF1F71AA920078478B /* PBXTargetDependency */ = {
			isa = PBXTargetDependency;
			target = 7F2AC6D61F71AA920078478B /* deer */;
			targetProxy = 7F2AC6EE1F71AA920078478B /* PBXContainerItemProxy */;
		};
		7F2AC6FA1F71AA920078478B /* PBXTargetDependency */ = {
			isa = PBXTargetDependency;
			target = 7F2AC6D61F71AA920078478B /* deer */;
			targetProxy = 7F2AC6F91F71AA920078478B /* PBXContainerItemProxy */;
		};
/* End PBXTargetDependency section */

/* Begin PBXVariantGroup section */
		7F2AC6E01F71AA920078478B /* Main.storyboard */ = {
			isa = PBXVariantGroup;
			children = (
				7F2AC6E11F71AA920078478B /* Base */,
			);
			name = Main.storyboard;
			sourceTree = "<group>";
		};
		7F2AC6E51F71AA920078478B /* LaunchScreen.storyboard */ = {
			isa = PBXVariantGroup;
			children = (
				7F2AC6E61F71AA920078478B /* Base */,
			);
			name = LaunchScreen.storyboard;
			sourceTree = "<group>";
		};
/* End PBXVariantGroup section */

/* Begin XCBuildConfiguration section */
		7F2AC6FF1F71AA920078478B /* Debug */ = {
			isa = XCBuildConfiguration;
			buildSettings = {
				ALWAYS_SEARCH_USER_PATHS = NO;
				CLANG_ANALYZER_NONNULL = YES;
				CLANG_ANALYZER_NUMBER_OBJECT_CONVERSION = YES_AGGRESSIVE;
				CLANG_CXX_LANGUAGE_STANDARD = "gnu++0x";
				CLANG_CXX_LIBRARY = "libc++";
				CLANG_ENABLE_MODULES = YES;
				CLANG_ENABLE_OBJC_ARC = YES;
				CLANG_WARN_BOOL_CONVERSION = YES;
				CLANG_WARN_CONSTANT_CONVERSION = YES;
				CLANG_WARN_DIRECT_OBJC_ISA_USAGE = YES_ERROR;
				CLANG_WARN_DOCUMENTATION_COMMENTS = YES;
				CLANG_WARN_EMPTY_BODY = YES;
				CLANG_WARN_ENUM_CONVERSION = YES;
				CLANG_WARN_INFINITE_RECURSION = YES;
				CLANG_WARN_INT_CONVERSION = YES;
				CLANG_WARN_OBJC_ROOT_CLASS = YES_ERROR;
				CLANG_WARN_SUSPICIOUS_MOVE = YES;
				CLANG_WARN_UNREACHABLE_CODE = YES;
				CLANG_WARN__DUPLICATE_METHOD_MATCH = YES;
				"CODE_SIGN_IDENTITY[sdk=iphoneos*]" = "iPhone Developer";
				COPY_PHASE_STRIP = NO;
				DEBUG_INFORMATION_FORMAT = dwarf;
				ENABLE_STRICT_OBJC_MSGSEND = YES;
				ENABLE_TESTABILITY = YES;
				GCC_C_LANGUAGE_STANDARD = gnu99;
				GCC_DYNAMIC_NO_PIC = NO;
				GCC_NO_COMMON_BLOCKS = YES;
				GCC_OPTIMIZATION_LEVEL = 0;
				GCC_PREPROCESSOR_DEFINITIONS = (
					"DEBUG=1",
					"$(inherited)",
				);
				GCC_WARN_64_TO_32_BIT_CONVERSION = YES;
				GCC_WARN_ABOUT_RETURN_TYPE = YES_ERROR;
				GCC_WARN_UNDECLARED_SELECTOR = YES;
				GCC_WARN_UNINITIALIZED_AUTOS = YES_AGGRESSIVE;
				GCC_WARN_UNUSED_FUNCTION = YES;
				GCC_WARN_UNUSED_VARIABLE = YES;
				IPHONEOS_DEPLOYMENT_TARGET = 10.3;
				MTL_ENABLE_DEBUG_INFO = YES;
				ONLY_ACTIVE_ARCH = YES;
				SDKROOT = iphoneos;
				SWIFT_ACTIVE_COMPILATION_CONDITIONS = DEBUG;
				SWIFT_OPTIMIZATION_LEVEL = "-Onone";
				TARGETED_DEVICE_FAMILY = "1,2";
			};
			name = Debug;
		};
		7F2AC7001F71AA920078478B /* Release */ = {
			isa = XCBuildConfiguration;
			buildSettings = {
				ALWAYS_SEARCH_USER_PATHS = NO;
				CLANG_ANALYZER_NONNULL = YES;
				CLANG_ANALYZER_NUMBER_OBJECT_CONVERSION = YES_AGGRESSIVE;
				CLANG_CXX_LANGUAGE_STANDARD = "gnu++0x";
				CLANG_CXX_LIBRARY = "libc++";
				CLANG_ENABLE_MODULES = YES;
				CLANG_ENABLE_OBJC_ARC = YES;
				CLANG_WARN_BOOL_CONVERSION = YES;
				CLANG_WARN_CONSTANT_CONVERSION = YES;
				CLANG_WARN_DIRECT_OBJC_ISA_USAGE = YES_ERROR;
				CLANG_WARN_DOCUMENTATION_COMMENTS = YES;
				CLANG_WARN_EMPTY_BODY = YES;
				CLANG_WARN_ENUM_CONVERSION = YES;
				CLANG_WARN_INFINITE_RECURSION = YES;
				CLANG_WARN_INT_CONVERSION = YES;
				CLANG_WARN_OBJC_ROOT_CLASS = YES_ERROR;
				CLANG_WARN_SUSPICIOUS_MOVE = YES;
				CLANG_WARN_UNREACHABLE_CODE = YES;
				CLANG_WARN__DUPLICATE_METHOD_MATCH = YES;
				"CODE_SIGN_IDENTITY[sdk=iphoneos*]" = "iPhone Developer";
				COPY_PHASE_STRIP = NO;
				DEBUG_INFORMATION_FORMAT = "dwarf-with-dsym";
				ENABLE_NS_ASSERTIONS = NO;
				ENABLE_STRICT_OBJC_MSGSEND = YES;
				GCC_C_LANGUAGE_STANDARD = gnu99;
				GCC_NO_COMMON_BLOCKS = YES;
				GCC_WARN_64_TO_32_BIT_CONVERSION = YES;
				GCC_WARN_ABOUT_RETURN_TYPE = YES_ERROR;
				GCC_WARN_UNDECLARED_SELECTOR = YES;
				GCC_WARN_UNINITIALIZED_AUTOS = YES_AGGRESSIVE;
				GCC_WARN_UNUSED_FUNCTION = YES;
				GCC_WARN_UNUSED_VARIABLE = YES;
				IPHONEOS_DEPLOYMENT_TARGET = 10.3;
				MTL_ENABLE_DEBUG_INFO = NO;
				SDKROOT = iphoneos;
				SWIFT_OPTIMIZATION_LEVEL = "-Owholemodule";
				TARGETED_DEVICE_FAMILY = "1,2";
				VALIDATE_PRODUCT = YES;
			};
			name = Release;
		};
		7F2AC7021F71AA920078478B /* Debug */ = {
			isa = XCBuildConfiguration;
			buildSettings = {
				ASSETCATALOG_COMPILER_APPICON_NAME = AppIcon;
				DEVELOPMENT_TEAM = 8FKH4NP47S;
				INFOPLIST_FILE = deer/Info.plist;
				IPHONEOS_DEPLOYMENT_TARGET = 9.2;
				LD_RUNPATH_SEARCH_PATHS = "$(inherited) @executable_path/Frameworks";
				PRODUCT_BUNDLE_IDENTIFIER = gareth.fuller.deer;
				PRODUCT_NAME = "$(TARGET_NAME)";
				SWIFT_VERSION = 3.0;
			};
			name = Debug;
		};
		7F2AC7031F71AA920078478B /* Release */ = {
			isa = XCBuildConfiguration;
			buildSettings = {
				ASSETCATALOG_COMPILER_APPICON_NAME = AppIcon;
				DEVELOPMENT_TEAM = 8FKH4NP47S;
				INFOPLIST_FILE = deer/Info.plist;
				IPHONEOS_DEPLOYMENT_TARGET = 9.2;
				LD_RUNPATH_SEARCH_PATHS = "$(inherited) @executable_path/Frameworks";
				PRODUCT_BUNDLE_IDENTIFIER = gareth.fuller.deer;
				PRODUCT_NAME = "$(TARGET_NAME)";
				SWIFT_VERSION = 3.0;
			};
			name = Release;
		};
		7F2AC7051F71AA920078478B /* Debug */ = {
			isa = XCBuildConfiguration;
			buildSettings = {
				ALWAYS_EMBED_SWIFT_STANDARD_LIBRARIES = YES;
				BUNDLE_LOADER = "$(TEST_HOST)";
				DEVELOPMENT_TEAM = 8FKH4NP47S;
				INFOPLIST_FILE = deerTests/Info.plist;
				LD_RUNPATH_SEARCH_PATHS = "$(inherited) @executable_path/Frameworks @loader_path/Frameworks";
				PRODUCT_BUNDLE_IDENTIFIER = gareth.fuller.deerTests;
				PRODUCT_NAME = "$(TARGET_NAME)";
				SWIFT_VERSION = 3.0;
				TEST_HOST = "$(BUILT_PRODUCTS_DIR)/deer.app/deer";
			};
			name = Debug;
		};
		7F2AC7061F71AA920078478B /* Release */ = {
			isa = XCBuildConfiguration;
			buildSettings = {
				ALWAYS_EMBED_SWIFT_STANDARD_LIBRARIES = YES;
				BUNDLE_LOADER = "$(TEST_HOST)";
				DEVELOPMENT_TEAM = 8FKH4NP47S;
				INFOPLIST_FILE = deerTests/Info.plist;
				LD_RUNPATH_SEARCH_PATHS = "$(inherited) @executable_path/Frameworks @loader_path/Frameworks";
				PRODUCT_BUNDLE_IDENTIFIER = gareth.fuller.deerTests;
				PRODUCT_NAME = "$(TARGET_NAME)";
				SWIFT_VERSION = 3.0;
				TEST_HOST = "$(BUILT_PRODUCTS_DIR)/deer.app/deer";
			};
			name = Release;
		};
		7F2AC7081F71AA920078478B /* Debug */ = {
			isa = XCBuildConfiguration;
			buildSettings = {
				ALWAYS_EMBED_SWIFT_STANDARD_LIBRARIES = YES;
				DEVELOPMENT_TEAM = 8FKH4NP47S;
				INFOPLIST_FILE = deerUITests/Info.plist;
				LD_RUNPATH_SEARCH_PATHS = "$(inherited) @executable_path/Frameworks @loader_path/Frameworks";
				PRODUCT_BUNDLE_IDENTIFIER = gareth.fuller.deerUITests;
				PRODUCT_NAME = "$(TARGET_NAME)";
				SWIFT_VERSION = 3.0;
				TEST_TARGET_NAME = deer;
			};
			name = Debug;
		};
		7F2AC7091F71AA920078478B /* Release */ = {
			isa = XCBuildConfiguration;
			buildSettings = {
				ALWAYS_EMBED_SWIFT_STANDARD_LIBRARIES = YES;
				DEVELOPMENT_TEAM = 8FKH4NP47S;
				INFOPLIST_FILE = deerUITests/Info.plist;
				LD_RUNPATH_SEARCH_PATHS = "$(inherited) @executable_path/Frameworks @loader_path/Frameworks";
				PRODUCT_BUNDLE_IDENTIFIER = gareth.fuller.deerUITests;
				PRODUCT_NAME = "$(TARGET_NAME)";
				SWIFT_VERSION = 3.0;
				TEST_TARGET_NAME = deer;
			};
			name = Release;
		};
/* End XCBuildConfiguration section */

/* Begin XCConfigurationList section */
		7F2AC6D21F71AA920078478B /* Build configuration list for PBXProject "deer" */ = {
			isa = XCConfigurationList;
			buildConfigurations = (
				7F2AC6FF1F71AA920078478B /* Debug */,
				7F2AC7001F71AA920078478B /* Release */,
			);
			defaultConfigurationIsVisible = 0;
			defaultConfigurationName = Release;
		};
		7F2AC7011F71AA920078478B /* Build configuration list for PBXNativeTarget "deer" */ = {
			isa = XCConfigurationList;
			buildConfigurations = (
				7F2AC7021F71AA920078478B /* Debug */,
				7F2AC7031F71AA920078478B /* Release */,
			);
			defaultConfigurationIsVisible = 0;
			defaultConfigurationName = Release;
		};
		7F2AC7041F71AA920078478B /* Build configuration list for PBXNativeTarget "deerTests" */ = {
			isa = XCConfigurationList;
			buildConfigurations = (
				7F2AC7051F71AA920078478B /* Debug */,
				7F2AC7061F71AA920078478B /* Release */,
			);
			defaultConfigurationIsVisible = 0;
			defaultConfigurationName = Release;
		};
		7F2AC7071F71AA920078478B /* Build configuration list for PBXNativeTarget "deerUITests" */ = {
			isa = XCConfigurationList;
			buildConfigurations = (
				7F2AC7081F71AA920078478B /* Debug */,
				7F2AC7091F71AA920078478B /* Release */,
			);
			defaultConfigurationIsVisible = 0;
			defaultConfigurationName = Release;
		};
/* End XCConfigurationList section */
	};
	rootObject = 7F2AC6CF1F71AA920078478B /* Project object */;
}
